// !$*UTF8*$!
{
	archiveVersion = 1;
	classes = {
	};
	objectVersion = 46;
	objects = {

/* Begin PBXBuildFile section */
		9EB49E2819FD5B6C00A2ABBE /* AppDelegate.swift in Sources */ = {isa = PBXBuildFile; fileRef = 9EB49E2719FD5B6C00A2ABBE /* AppDelegate.swift */; };
		9EB49E2A19FD5B6C00A2ABBE /* ViewController.swift in Sources */ = {isa = PBXBuildFile; fileRef = 9EB49E2919FD5B6C00A2ABBE /* ViewController.swift */; };
		9EB49E2D19FD5B6C00A2ABBE /* Main.storyboard in Resources */ = {isa = PBXBuildFile; fileRef = 9EB49E2B19FD5B6C00A2ABBE /* Main.storyboard */; };
		9EB49E2F19FD5B6C00A2ABBE /* Images.xcassets in Resources */ = {isa = PBXBuildFile; fileRef = 9EB49E2E19FD5B6C00A2ABBE /* Images.xcassets */; };
		9EB49E3219FD5B6C00A2ABBE /* LaunchScreen.xib in Resources */ = {isa = PBXBuildFile; fileRef = 9EB49E3019FD5B6C00A2ABBE /* LaunchScreen.xib */; };
		9EB49E3E19FD5B6D00A2ABBE /* PostcardTests.swift in Sources */ = {isa = PBXBuildFile; fileRef = 9EB49E3D19FD5B6D00A2ABBE /* PostcardTests.swift */; };
		9EB49E4819FEBFF800A2ABBE /* _IGP1015.jpg in Resources */ = {isa = PBXBuildFile; fileRef = 9EB49E4719FEBFF800A2ABBE /* _IGP1015.jpg */; };
		9EB49E4C19FFEDC900A2ABBE /* _IGP1000.jpg in Resources */ = {isa = PBXBuildFile; fileRef = 9EB49E4B19FFEDC900A2ABBE /* _IGP1000.jpg */; };
/* End PBXBuildFile section */

/* Begin PBXContainerItemProxy section */
		9EB49E3819FD5B6C00A2ABBE /* PBXContainerItemProxy */ = {
			isa = PBXContainerItemProxy;
			containerPortal = 9EB49E1A19FD5B6C00A2ABBE /* Project object */;
			proxyType = 1;
			remoteGlobalIDString = 9EB49E2119FD5B6C00A2ABBE;
			remoteInfo = Postcard;
		};
/* End PBXContainerItemProxy section */

/* Begin PBXFileReference section */
		9EB49E2219FD5B6C00A2ABBE /* Postcard.app */ = {isa = PBXFileReference; explicitFileType = wrapper.application; includeInIndex = 0; path = Postcard.app; sourceTree = BUILT_PRODUCTS_DIR; };
		9EB49E2619FD5B6C00A2ABBE /* Info.plist */ = {isa = PBXFileReference; lastKnownFileType = text.plist.xml; path = Info.plist; sourceTree = "<group>"; };
		9EB49E2719FD5B6C00A2ABBE /* AppDelegate.swift */ = {isa = PBXFileReference; lastKnownFileType = sourcecode.swift; path = AppDelegate.swift; sourceTree = "<group>"; };
		9EB49E2919FD5B6C00A2ABBE /* ViewController.swift */ = {isa = PBXFileReference; lastKnownFileType = sourcecode.swift; path = ViewController.swift; sourceTree = "<group>"; };
		9EB49E2C19FD5B6C00A2ABBE /* Base */ = {isa = PBXFileReference; lastKnownFileType = file.storyboard; name = Base; path = Base.lproj/Main.storyboard; sourceTree = "<group>"; };
		9EB49E2E19FD5B6C00A2ABBE /* Images.xcassets */ = {isa = PBXFileReference; lastKnownFileType = folder.assetcatalog; path = Images.xcassets; sourceTree = "<group>"; };
		9EB49E3119FD5B6C00A2ABBE /* Base */ = {isa = PBXFileReference; lastKnownFileType = file.xib; name = Base; path = Base.lproj/LaunchScreen.xib; sourceTree = "<group>"; };
		9EB49E3719FD5B6C00A2ABBE /* PostcardTests.xctest */ = {isa = PBXFileReference; explicitFileType = wrapper.cfbundle; includeInIndex = 0; path = PostcardTests.xctest; sourceTree = BUILT_PRODUCTS_DIR; };
		9EB49E3C19FD5B6D00A2ABBE /* Info.plist */ = {isa = PBXFileReference; lastKnownFileType = text.plist.xml; path = Info.plist; sourceTree = "<group>"; };
		9EB49E3D19FD5B6D00A2ABBE /* PostcardTests.swift */ = {isa = PBXFileReference; lastKnownFileType = sourcecode.swift; path = PostcardTests.swift; sourceTree = "<group>"; };
		9EB49E4719FEBFF800A2ABBE /* _IGP1015.jpg */ = {isa = PBXFileReference; lastKnownFileType = image.jpeg; path = _IGP1015.jpg; sourceTree = "<group>"; };
		9EB49E4B19FFEDC900A2ABBE /* _IGP1000.jpg */ = {isa = PBXFileReference; lastKnownFileType = image.jpeg; path = _IGP1000.jpg; sourceTree = "<group>"; };
/* End PBXFileReference section */

/* Begin PBXFrameworksBuildPhase section */
		9EB49E1F19FD5B6C00A2ABBE /* Frameworks */ = {
			isa = PBXFrameworksBuildPhase;
			buildActionMask = 2147483647;
			files = (
			);
			runOnlyForDeploymentPostprocessing = 0;
		};
		9EB49E3419FD5B6C00A2ABBE /* Frameworks */ = {
			isa = PBXFrameworksBuildPhase;
			buildActionMask = 2147483647;
			files = (
			);
			runOnlyForDeploymentPostprocessing = 0;
		};
/* End PBXFrameworksBuildPhase section */

/* Begin PBXGroup section */
		9EB49E1919FD5B6C00A2ABBE = {
			isa = PBXGroup;
			children = (
				9EB49E2419FD5B6C00A2ABBE /* Postcard */,
				9EB49E3A19FD5B6D00A2ABBE /* PostcardTests */,
				9EB49E2319FD5B6C00A2ABBE /* Products */,
			);
			sourceTree = "<group>";
		};
		9EB49E2319FD5B6C00A2ABBE /* Products */ = {
			isa = PBXGroup;
			children = (
				9EB49E2219FD5B6C00A2ABBE /* Postcard.app */,
				9EB49E3719FD5B6C00A2ABBE /* PostcardTests.xctest */,
			);
			name = Products;
			sourceTree = "<group>";
		};
		9EB49E2419FD5B6C00A2ABBE /* Postcard */ = {
			isa = PBXGroup;
			children = (
				9EB49E2719FD5B6C00A2ABBE /* AppDelegate.swift */,
				9EB49E2919FD5B6C00A2ABBE /* ViewController.swift */,
				9EB49E2B19FD5B6C00A2ABBE /* Main.storyboard */,
				9EB49E2E19FD5B6C00A2ABBE /* Images.xcassets */,
				9EB49E3019FD5B6C00A2ABBE /* LaunchScreen.xib */,
				9EB49E2519FD5B6C00A2ABBE /* Supporting Files */,
			);
			path = Postcard;
			sourceTree = "<group>";
		};
		9EB49E2519FD5B6C00A2ABBE /* Supporting Files */ = {
			isa = PBXGroup;
			children = (
				9EB49E4B19FFEDC900A2ABBE /* _IGP1000.jpg */,
				9EB49E4719FEBFF800A2ABBE /* _IGP1015.jpg */,
				9EB49E2619FD5B6C00A2ABBE /* Info.plist */,
			);
			name = "Supporting Files";
			sourceTree = "<group>";
		};
		9EB49E3A19FD5B6D00A2ABBE /* PostcardTests */ = {
			isa = PBXGroup;
			children = (
				9EB49E3D19FD5B6D00A2ABBE /* PostcardTests.swift */,
				9EB49E3B19FD5B6D00A2ABBE /* Supporting Files */,
			);
			path = PostcardTests;
			sourceTree = "<group>";
		};
		9EB49E3B19FD5B6D00A2ABBE /* Supporting Files */ = {
			isa = PBXGroup;
			children = (
				9EB49E3C19FD5B6D00A2ABBE /* Info.plist */,
			);
			name = "Supporting Files";
			sourceTree = "<group>";
		};
/* End PBXGroup section */

/* Begin PBXNativeTarget section */
		9EB49E2119FD5B6C00A2ABBE /* Postcard */ = {
			isa = PBXNativeTarget;
			buildConfigurationList = 9EB49E4119FD5B6D00A2ABBE /* Build configuration list for PBXNativeTarget "Postcard" */;
			buildPhases = (
				9EB49E1E19FD5B6C00A2ABBE /* Sources */,
				9EB49E1F19FD5B6C00A2ABBE /* Frameworks */,
				9EB49E2019FD5B6C00A2ABBE /* Resources */,
			);
			buildRules = (
			);
			dependencies = (
			);
			name = Postcard;
			productName = Postcard;
			productReference = 9EB49E2219FD5B6C00A2ABBE /* Postcard.app */;
			productType = "com.apple.product-type.application";
		};
		9EB49E3619FD5B6C00A2ABBE /* PostcardTests */ = {
			isa = PBXNativeTarget;
			buildConfigurationList = 9EB49E4419FD5B6D00A2ABBE /* Build configuration list for PBXNativeTarget "PostcardTests" */;
			buildPhases = (
				9EB49E3319FD5B6C00A2ABBE /* Sources */,
				9EB49E3419FD5B6C00A2ABBE /* Frameworks */,
				9EB49E3519FD5B6C00A2ABBE /* Resources */,
			);
			buildRules = (
			);
			dependencies = (
				9EB49E3919FD5B6C00A2ABBE /* PBXTargetDependency */,
			);
			name = PostcardTests;
			productName = PostcardTests;
			productReference = 9EB49E3719FD5B6C00A2ABBE /* PostcardTests.xctest */;
			productType = "com.apple.product-type.bundle.unit-test";
		};
/* End PBXNativeTarget section */

/* Begin PBXProject section */
		9EB49E1A19FD5B6C00A2ABBE /* Project object */ = {
			isa = PBXProject;
			attributes = {
				LastUpgradeCheck = 0610;
				ORGANIZATIONNAME = "Eunice Khong";
				TargetAttributes = {
					9EB49E2119FD5B6C00A2ABBE = {
						CreatedOnToolsVersion = 6.1;
					};
					9EB49E3619FD5B6C00A2ABBE = {
						CreatedOnToolsVersion = 6.1;
						TestTargetID = 9EB49E2119FD5B6C00A2ABBE;
					};
				};
			};
			buildConfigurationList = 9EB49E1D19FD5B6C00A2ABBE /* Build configuration list for PBXProject "Postcard" */;
			compatibilityVersion = "Xcode 3.2";
			developmentRegion = English;
			hasScannedForEncodings = 0;
			knownRegions = (
				en,
				Base,
			);
			mainGroup = 9EB49E1919FD5B6C00A2ABBE;
			productRefGroup = 9EB49E2319FD5B6C00A2ABBE /* Products */;
			projectDirPath = "";
			projectRoot = "";
			targets = (
				9EB49E2119FD5B6C00A2ABBE /* Postcard */,
				9EB49E3619FD5B6C00A2ABBE /* PostcardTests */,
			);
		};
/* End PBXProject section */

/* Begin PBXResourcesBuildPhase section */
		9EB49E2019FD5B6C00A2ABBE /* Resources */ = {
			isa = PBXResourcesBuildPhase;
			buildActionMask = 2147483647;
			files = (
				9EB49E4C19FFEDC900A2ABBE /* _IGP1000.jpg in Resources */,
				9EB49E2D19FD5B6C00A2ABBE /* Main.storyboard in Resources */,
				9EB49E4819FEBFF800A2ABBE /* _IGP1015.jpg in Resources */,
				9EB49E3219FD5B6C00A2ABBE /* LaunchScreen.xib in Resources */,
				9EB49E2F19FD5B6C00A2ABBE /* Images.xcassets in Resources */,
			);
			runOnlyForDeploymentPostprocessing = 0;
		};
		9EB49E3519FD5B6C00A2ABBE /* Resources */ = {
			isa = PBXResourcesBuildPhase;
			buildActionMask = 2147483647;
			files = (
			);
			runOnlyForDeploymentPostprocessing = 0;
		};
/* End PBXResourcesBuildPhase section */

/* Begin PBXSourcesBuildPhase section */
		9EB49E1E19FD5B6C00A2ABBE /* Sources */ = {
			isa = PBXSourcesBuildPhase;
			buildActionMask = 2147483647;
			files = (
				9EB49E2A19FD5B6C00A2ABBE /* ViewController.swift in Sources */,
				9EB49E2819FD5B6C00A2ABBE /* AppDelegate.swift in Sources */,
			);
			runOnlyForDeploymentPostprocessing = 0;
		};
		9EB49E3319FD5B6C00A2ABBE /* Sources */ = {
			isa = PBXSourcesBuildPhase;
			buildActionMask = 2147483647;
			files = (
				9EB49E3E19FD5B6D00A2ABBE /* PostcardTests.swift in Sources */,
			);
			runOnlyForDeploymentPostprocessing = 0;
		};
/* End PBXSourcesBuildPhase section */

/* Begin PBXTargetDependency section */
		9EB49E3919FD5B6C00A2ABBE /* PBXTargetDependency */ = {
			isa = PBXTargetDependency;
			target = 9EB49E2119FD5B6C00A2ABBE /* Postcard */;
			targetProxy = 9EB49E3819FD5B6C00A2ABBE /* PBXContainerItemProxy */;
		};
/* End PBXTargetDependency section */

/* Begin PBXVariantGroup section */
		9EB49E2B19FD5B6C00A2ABBE /* Main.storyboard */ = {
			isa = PBXVariantGroup;
			children = (
				9EB49E2C19FD5B6C00A2ABBE /* Base */,
			);
			name = Main.storyboard;
			sourceTree = "<group>";
		};
		9EB49E3019FD5B6C00A2ABBE /* LaunchScreen.xib */ = {
			isa = PBXVariantGroup;
			children = (
				9EB49E3119FD5B6C00A2ABBE /* Base */,
			);
			name = LaunchScreen.xib;
			sourceTree = "<group>";
		};
/* End PBXVariantGroup section */

/* Begin XCBuildConfiguration section */
		9EB49E3F19FD5B6D00A2ABBE /* Debug */ = {
			isa = XCBuildConfiguration;
			buildSettings = {
				ALWAYS_SEARCH_USER_PATHS = NO;
				CLANG_CXX_LANGUAGE_STANDARD = "gnu++0x";
				CLANG_CXX_LIBRARY = "libc++";
				CLANG_ENABLE_MODULES = YES;
				CLANG_ENABLE_OBJC_ARC = YES;
				CLANG_WARN_BOOL_CONVERSION = YES;
				CLANG_WARN_CONSTANT_CONVERSION = YES;
				CLANG_WARN_DIRECT_OBJC_ISA_USAGE = YES_ERROR;
				CLANG_WARN_EMPTY_BODY = YES;
				CLANG_WARN_ENUM_CONVERSION = YES;
				CLANG_WARN_INT_CONVERSION = YES;
				CLANG_WARN_OBJC_ROOT_CLASS = YES_ERROR;
				CLANG_WARN_UNREACHABLE_CODE = YES;
				CLANG_WARN__DUPLICATE_METHOD_MATCH = YES;
				"CODE_SIGN_IDENTITY[sdk=iphoneos*]" = "iPhone Developer";
				COPY_PHASE_STRIP = NO;
				ENABLE_STRICT_OBJC_MSGSEND = YES;
				GCC_C_LANGUAGE_STANDARD = gnu99;
				GCC_DYNAMIC_NO_PIC = NO;
				GCC_OPTIMIZATION_LEVEL = 0;
				GCC_PREPROCESSOR_DEFINITIONS = (
					"DEBUG=1",
					"$(inherited)",
				);
				GCC_SYMBOLS_PRIVATE_EXTERN = NO;
				GCC_WARN_64_TO_32_BIT_CONVERSION = YES;
				GCC_WARN_ABOUT_RETURN_TYPE = YES_ERROR;
				GCC_WARN_UNDECLARED_SELECTOR = YES;
				GCC_WARN_UNINITIALIZED_AUTOS = YES_AGGRESSIVE;
				GCC_WARN_UNUSED_FUNCTION = YES;
				GCC_WARN_UNUSED_VARIABLE = YES;
				IPHONEOS_DEPLOYMENT_TARGET = 8.1;
				MTL_ENABLE_DEBUG_INFO = YES;
				ONLY_ACTIVE_ARCH = YES;
				SDKROOT = iphoneos;
				SWIFT_OPTIMIZATION_LEVEL = "-Onone";
				TARGETED_DEVICE_FAMILY = "1,2";
			};
			name = Debug;
		};
		9EB49E4019FD5B6D00A2ABBE /* Release */ = {
			isa = XCBuildConfiguration;
			buildSettings = {
				ALWAYS_SEARCH_USER_PATHS = NO;
				CLANG_CXX_LANGUAGE_STANDARD = "gnu++0x";
				CLANG_CXX_LIBRARY = "libc++";
				CLANG_ENABLE_MODULES = YES;
				CLANG_ENABLE_OBJC_ARC = YES;
				CLANG_WARN_BOOL_CONVERSION = YES;
				CLANG_WARN_CONSTANT_CONVERSION = YES;
				CLANG_WARN_DIRECT_OBJC_ISA_USAGE = YES_ERROR;
				CLANG_WARN_EMPTY_BODY = YES;
				CLANG_WARN_ENUM_CONVERSION = YES;
				CLANG_WARN_INT_CONVERSION = YES;
				CLANG_WARN_OBJC_ROOT_CLASS = YES_ERROR;
				CLANG_WARN_UNREACHABLE_CODE = YES;
				CLANG_WARN__DUPLICATE_METHOD_MATCH = YES;
				"CODE_SIGN_IDENTITY[sdk=iphoneos*]" = "iPhone Developer";
				COPY_PHASE_STRIP = YES;
				ENABLE_NS_ASSERTIONS = NO;
				ENABLE_STRICT_OBJC_MSGSEND = YES;
				GCC_C_LANGUAGE_STANDARD = gnu99;
				GCC_WARN_64_TO_32_BIT_CONVERSION = YES;
				GCC_WARN_ABOUT_RETURN_TYPE = YES_ERROR;
				GCC_WARN_UNDECLARED_SELECTOR = YES;
				GCC_WARN_UNINITIALIZED_AUTOS = YES_AGGRESSIVE;
				GCC_WARN_UNUSED_FUNCTION = YES;
				GCC_WARN_UNUSED_VARIABLE = YES;
				IPHONEOS_DEPLOYMENT_TARGET = 8.1;
				MTL_ENABLE_DEBUG_INFO = NO;
				SDKROOT = iphoneos;
				TARGETED_DEVICE_FAMILY = "1,2";
				VALIDATE_PRODUCT = YES;
			};
			name = Release;
		};
		9EB49E4219FD5B6D00A2ABBE /* Debug */ = {
			isa = XCBuildConfiguration;
			buildSettings = {
				ASSETCATALOG_COMPILER_APPICON_NAME = AppIcon;
				INFOPLIST_FILE = Postcard/Info.plist;
				LD_RUNPATH_SEARCH_PATHS = "$(inherited) @executable_path/Frameworks";
				PRODUCT_NAME = "$(TARGET_NAME)";
			};
			name = Debug;
		};
		9EB49E4319FD5B6D00A2ABBE /* Release */ = {
			isa = XCBuildConfiguration;
			buildSettings = {
				ASSETCATALOG_COMPILER_APPICON_NAME = AppIcon;
				INFOPLIST_FILE = Postcard/Info.plist;
				LD_RUNPATH_SEARCH_PATHS = "$(inherited) @executable_path/Frameworks";
				PRODUCT_NAME = "$(TARGET_NAME)";
			};
			name = Release;
		};
		9EB49E4519FD5B6D00A2ABBE /* Debug */ = {
			isa = XCBuildConfiguration;
			buildSettings = {
				BUNDLE_LOADER = "$(TEST_HOST)";
				FRAMEWORK_SEARCH_PATHS = (
					"$(SDKROOT)/Developer/Library/Frameworks",
					"$(inherited)",
				);
				GCC_PREPROCESSOR_DEFINITIONS = (
					"DEBUG=1",
					"$(inherited)",
				);
				INFOPLIST_FILE = PostcardTests/Info.plist;
				LD_RUNPATH_SEARCH_PATHS = "$(inherited) @executable_path/Frameworks @loader_path/Frameworks";
				PRODUCT_NAME = "$(TARGET_NAME)";
				TEST_HOST = "$(BUILT_PRODUCTS_DIR)/Postcard.app/Postcard";
			};
			name = Debug;
		};
		9EB49E4619FD5B6D00A2ABBE /* Release */ = {
			isa = XCBuildConfiguration;
			buildSettings = {
				BUNDLE_LOADER = "$(TEST_HOST)";
				FRAMEWORK_SEARCH_PATHS = (
					"$(SDKROOT)/Developer/Library/Frameworks",
					"$(inherited)",
				);
				INFOPLIST_FILE = PostcardTests/Info.plist;
				LD_RUNPATH_SEARCH_PATHS = "$(inherited) @executable_path/Frameworks @loader_path/Frameworks";
				PRODUCT_NAME = "$(TARGET_NAME)";
				TEST_HOST = "$(BUILT_PRODUCTS_DIR)/Postcard.app/Postcard";
			};
			name = Release;
		};
/* End XCBuildConfiguration section */

/* Begin XCConfigurationList section */
		9EB49E1D19FD5B6C00A2ABBE /* Build configuration list for PBXProject "Postcard" */ = {
			isa = XCConfigurationList;
			buildConfigurations = (
				9EB49E3F19FD5B6D00A2ABBE /* Debug */,
				9EB49E4019FD5B6D00A2ABBE /* Release */,
			);
			defaultConfigurationIsVisible = 0;
			defaultConfigurationName = Release;
		};
		9EB49E4119FD5B6D00A2ABBE /* Build configuration list for PBXNativeTarget "Postcard" */ = {
			isa = XCConfigurationList;
			buildConfigurations = (
				9EB49E4219FD5B6D00A2ABBE /* Debug */,
				9EB49E4319FD5B6D00A2ABBE /* Release */,
			);
			defaultConfigurationIsVisible = 0;
		};
		9EB49E4419FD5B6D00A2ABBE /* Build configuration list for PBXNativeTarget "PostcardTests" */ = {
			isa = XCConfigurationList;
			buildConfigurations = (
				9EB49E4519FD5B6D00A2ABBE /* Debug */,
				9EB49E4619FD5B6D00A2ABBE /* Release */,
			);
			defaultConfigurationIsVisible = 0;
		};
/* End XCConfigurationList section */
	};
	rootObject = 9EB49E1A19FD5B6C00A2ABBE /* Project object */;
}
